
Microsoft Visual Studio Solution File, Format Version 12.00
# Visual Studio Version 17
VisualStudioVersion = 17.10.35013.160
MinimumVisualStudioVersion = 10.0.40219.1
Project("{FAE04EC0-301F-11D3-BF4B-00C04F79EFBC}") = "Examen Final Parte 2 Fun Pro", "Examen Final Parte 2 Fun Pro.csproj", "{3C3710C1-E89B-4F8F-8A12-9E97DEDB116E}"
EndProject
Global
	GlobalSection(SolutionConfigurationPlatforms) = preSolution
		Debug|Any CPU = Debug|Any CPU
		Release|Any CPU = Release|Any CPU
	EndGlobalSection
	GlobalSection(ProjectConfigurationPlatforms) = postSolution
		{3C3710C1-E89B-4F8F-8A12-9E97DEDB116E}.Debug|Any CPU.ActiveCfg = Debug|Any CPU
		{3C3710C1-E89B-4F8F-8A12-9E97DEDB116E}.Debug|Any CPU.Build.0 = Debug|Any CPU
		{3C3710C1-E89B-4F8F-8A12-9E97DEDB116E}.Release|Any CPU.ActiveCfg = Release|Any CPU
		{3C3710C1-E89B-4F8F-8A12-9E97DEDB116E}.Release|Any CPU.Build.0 = Release|Any CPU
	EndGlobalSection
	GlobalSection(SolutionProperties) = preSolution
		HideSolutionNode = FALSE
	EndGlobalSection
	GlobalSection(ExtensibilityGlobals) = postSolution
		SolutionGuid = {9BADC778-04CD-4C25-865B-3E163EC7A040}
	EndGlobalSection
EndGlobal
